// !$*UTF8*$!
{
	archiveVersion = 1;
	classes = {
	};
	objectVersion = 46;
	objects = {

/* Begin PBXBuildFile section */
		85C1246A1AAE44E600550ED2 /* AppDelegate.swift in Sources */ = {isa = PBXBuildFile; fileRef = 85C124691AAE44E600550ED2 /* AppDelegate.swift */; };
		85C1246C1AAE44E600550ED2 /* MainViewController.swift in Sources */ = {isa = PBXBuildFile; fileRef = 85C1246B1AAE44E600550ED2 /* MainViewController.swift */; };
		85C1246F1AAE44E600550ED2 /* Main.storyboard in Resources */ = {isa = PBXBuildFile; fileRef = 85C1246D1AAE44E600550ED2 /* Main.storyboard */; };
		85C124711AAE44E600550ED2 /* Images.xcassets in Resources */ = {isa = PBXBuildFile; fileRef = 85C124701AAE44E600550ED2 /* Images.xcassets */; };
		85C124741AAE44E600550ED2 /* LaunchScreen.xib in Resources */ = {isa = PBXBuildFile; fileRef = 85C124721AAE44E600550ED2 /* LaunchScreen.xib */; };
		85C124801AAE44E600550ED2 /* DelegateHopefulTests.swift in Sources */ = {isa = PBXBuildFile; fileRef = 85C1247F1AAE44E600550ED2 /* DelegateHopefulTests.swift */; };
		85C1248D1AAE486100550ED2 /* GetItemViewController.swift in Sources */ = {isa = PBXBuildFile; fileRef = 85C1248C1AAE486100550ED2 /* GetItemViewController.swift */; };
/* End PBXBuildFile section */

/* Begin PBXContainerItemProxy section */
		85C1247A1AAE44E600550ED2 /* PBXContainerItemProxy */ = {
			isa = PBXContainerItemProxy;
			containerPortal = 85C1245C1AAE44E600550ED2 /* Project object */;
			proxyType = 1;
			remoteGlobalIDString = 85C124631AAE44E600550ED2;
			remoteInfo = DelegateHopeful;
		};
/* End PBXContainerItemProxy section */

/* Begin PBXFileReference section */
		85C124641AAE44E600550ED2 /* DelegateHopeful.app */ = {isa = PBXFileReference; explicitFileType = wrapper.application; includeInIndex = 0; path = DelegateHopeful.app; sourceTree = BUILT_PRODUCTS_DIR; };
		85C124681AAE44E600550ED2 /* Info.plist */ = {isa = PBXFileReference; lastKnownFileType = text.plist.xml; path = Info.plist; sourceTree = "<group>"; };
		85C124691AAE44E600550ED2 /* AppDelegate.swift */ = {isa = PBXFileReference; lastKnownFileType = sourcecode.swift; path = AppDelegate.swift; sourceTree = "<group>"; };
		85C1246B1AAE44E600550ED2 /* MainViewController.swift */ = {isa = PBXFileReference; lastKnownFileType = sourcecode.swift; path = MainViewController.swift; sourceTree = "<group>"; };
		85C1246E1AAE44E600550ED2 /* Base */ = {isa = PBXFileReference; lastKnownFileType = file.storyboard; name = Base; path = Base.lproj/Main.storyboard; sourceTree = "<group>"; };
		85C124701AAE44E600550ED2 /* Images.xcassets */ = {isa = PBXFileReference; lastKnownFileType = folder.assetcatalog; path = Images.xcassets; sourceTree = "<group>"; };
		85C124731AAE44E600550ED2 /* Base */ = {isa = PBXFileReference; lastKnownFileType = file.xib; name = Base; path = Base.lproj/LaunchScreen.xib; sourceTree = "<group>"; };
		85C124791AAE44E600550ED2 /* DelegateHopefulTests.xctest */ = {isa = PBXFileReference; explicitFileType = wrapper.cfbundle; includeInIndex = 0; path = DelegateHopefulTests.xctest; sourceTree = BUILT_PRODUCTS_DIR; };
		85C1247E1AAE44E600550ED2 /* Info.plist */ = {isa = PBXFileReference; lastKnownFileType = text.plist.xml; path = Info.plist; sourceTree = "<group>"; };
		85C1247F1AAE44E600550ED2 /* DelegateHopefulTests.swift */ = {isa = PBXFileReference; lastKnownFileType = sourcecode.swift; path = DelegateHopefulTests.swift; sourceTree = "<group>"; };
		85C1248C1AAE486100550ED2 /* GetItemViewController.swift */ = {isa = PBXFileReference; fileEncoding = 4; lastKnownFileType = sourcecode.swift; name = GetItemViewController.swift; path = ../GetItemViewController.swift; sourceTree = "<group>"; };
/* End PBXFileReference section */

/* Begin PBXFrameworksBuildPhase section */
		85C124611AAE44E600550ED2 /* Frameworks */ = {
			isa = PBXFrameworksBuildPhase;
			buildActionMask = 2147483647;
			files = (
			);
			runOnlyForDeploymentPostprocessing = 0;
		};
		85C124761AAE44E600550ED2 /* Frameworks */ = {
			isa = PBXFrameworksBuildPhase;
			buildActionMask = 2147483647;
			files = (
			);
			runOnlyForDeploymentPostprocessing = 0;
		};
/* End PBXFrameworksBuildPhase section */

/* Begin PBXGroup section */
		85C1245B1AAE44E600550ED2 = {
			isa = PBXGroup;
			children = (
				85C124661AAE44E600550ED2 /* DelegateHopeful */,
				85C1247C1AAE44E600550ED2 /* DelegateHopefulTests */,
				85C124651AAE44E600550ED2 /* Products */,
			);
			sourceTree = "<group>";
		};
		85C124651AAE44E600550ED2 /* Products */ = {
			isa = PBXGroup;
			children = (
				85C124641AAE44E600550ED2 /* DelegateHopeful.app */,
				85C124791AAE44E600550ED2 /* DelegateHopefulTests.xctest */,
			);
			name = Products;
			sourceTree = "<group>";
		};
		85C124661AAE44E600550ED2 /* DelegateHopeful */ = {
			isa = PBXGroup;
			children = (
				85C1248B1AAE454500550ED2 /* Controllers */,
				85C1248A1AAE453E00550ED2 /* Views */,
				85C124891AAE453700550ED2 /* Models */,
				85C124691AAE44E600550ED2 /* AppDelegate.swift */,
				85C124701AAE44E600550ED2 /* Images.xcassets */,
				85C124721AAE44E600550ED2 /* LaunchScreen.xib */,
				85C124671AAE44E600550ED2 /* Supporting Files */,
			);
			path = DelegateHopeful;
			sourceTree = "<group>";
		};
		85C124671AAE44E600550ED2 /* Supporting Files */ = {
			isa = PBXGroup;
			children = (
				85C124681AAE44E600550ED2 /* Info.plist */,
			);
			name = "Supporting Files";
			sourceTree = "<group>";
		};
		85C1247C1AAE44E600550ED2 /* DelegateHopefulTests */ = {
			isa = PBXGroup;
			children = (
				85C1247F1AAE44E600550ED2 /* DelegateHopefulTests.swift */,
				85C1247D1AAE44E600550ED2 /* Supporting Files */,
			);
			path = DelegateHopefulTests;
			sourceTree = "<group>";
		};
		85C1247D1AAE44E600550ED2 /* Supporting Files */ = {
			isa = PBXGroup;
			children = (
				85C1247E1AAE44E600550ED2 /* Info.plist */,
			);
			name = "Supporting Files";
			sourceTree = "<group>";
		};
		85C124891AAE453700550ED2 /* Models */ = {
			isa = PBXGroup;
			children = (
				85C1248C1AAE486100550ED2 /* GetItemViewController.swift */,
			);
			name = Models;
			sourceTree = "<group>";
		};
		85C1248A1AAE453E00550ED2 /* Views */ = {
			isa = PBXGroup;
			children = (
				85C1246D1AAE44E600550ED2 /* Main.storyboard */,
			);
			name = Views;
			sourceTree = "<group>";
		};
		85C1248B1AAE454500550ED2 /* Controllers */ = {
			isa = PBXGroup;
			children = (
				85C1246B1AAE44E600550ED2 /* MainViewController.swift */,
			);
			name = Controllers;
			sourceTree = "<group>";
		};
/* End PBXGroup section */

/* Begin PBXNativeTarget section */
		85C124631AAE44E600550ED2 /* DelegateHopeful */ = {
			isa = PBXNativeTarget;
			buildConfigurationList = 85C124831AAE44E600550ED2 /* Build configuration list for PBXNativeTarget "DelegateHopeful" */;
			buildPhases = (
				85C124601AAE44E600550ED2 /* Sources */,
				85C124611AAE44E600550ED2 /* Frameworks */,
				85C124621AAE44E600550ED2 /* Resources */,
			);
			buildRules = (
			);
			dependencies = (
			);
			name = DelegateHopeful;
			productName = DelegateHopeful;
			productReference = 85C124641AAE44E600550ED2 /* DelegateHopeful.app */;
			productType = "com.apple.product-type.application";
		};
		85C124781AAE44E600550ED2 /* DelegateHopefulTests */ = {
			isa = PBXNativeTarget;
			buildConfigurationList = 85C124861AAE44E600550ED2 /* Build configuration list for PBXNativeTarget "DelegateHopefulTests" */;
			buildPhases = (
				85C124751AAE44E600550ED2 /* Sources */,
				85C124761AAE44E600550ED2 /* Frameworks */,
				85C124771AAE44E600550ED2 /* Resources */,
			);
			buildRules = (
			);
			dependencies = (
				85C1247B1AAE44E600550ED2 /* PBXTargetDependency */,
			);
			name = DelegateHopefulTests;
			productName = DelegateHopefulTests;
			productReference = 85C124791AAE44E600550ED2 /* DelegateHopefulTests.xctest */;
			productType = "com.apple.product-type.bundle.unit-test";
		};
/* End PBXNativeTarget section */

/* Begin PBXProject section */
		85C1245C1AAE44E600550ED2 /* Project object */ = {
			isa = PBXProject;
			attributes = {
				LastUpgradeCheck = 0610;
				ORGANIZATIONNAME = "Terry Griffin";
				TargetAttributes = {
					85C124631AAE44E600550ED2 = {
						CreatedOnToolsVersion = 6.1.1;
						DevelopmentTeam = 5759AXAR43;
					};
					85C124781AAE44E600550ED2 = {
						CreatedOnToolsVersion = 6.1.1;
						TestTargetID = 85C124631AAE44E600550ED2;
					};
				};
			};
			buildConfigurationList = 85C1245F1AAE44E600550ED2 /* Build configuration list for PBXProject "DelegateHopeful" */;
			compatibilityVersion = "Xcode 3.2";
			developmentRegion = English;
			hasScannedForEncodings = 0;
			knownRegions = (
				en,
				Base,
			);
			mainGroup = 85C1245B1AAE44E600550ED2;
			productRefGroup = 85C124651AAE44E600550ED2 /* Products */;
			projectDirPath = "";
			projectRoot = "";
			targets = (
				85C124631AAE44E600550ED2 /* DelegateHopeful */,
				85C124781AAE44E600550ED2 /* DelegateHopefulTests */,
			);
		};
/* End PBXProject section */

/* Begin PBXResourcesBuildPhase section */
		85C124621AAE44E600550ED2 /* Resources */ = {
			isa = PBXResourcesBuildPhase;
			buildActionMask = 2147483647;
			files = (
				85C1246F1AAE44E600550ED2 /* Main.storyboard in Resources */,
				85C124741AAE44E600550ED2 /* LaunchScreen.xib in Resources */,
				85C124711AAE44E600550ED2 /* Images.xcassets in Resources */,
			);
			runOnlyForDeploymentPostprocessing = 0;
		};
		85C124771AAE44E600550ED2 /* Resources */ = {
			isa = PBXResourcesBuildPhase;
			buildActionMask = 2147483647;
			files = (
			);
			runOnlyForDeploymentPostprocessing = 0;
		};
/* End PBXResourcesBuildPhase section */

/* Begin PBXSourcesBuildPhase section */
		85C124601AAE44E600550ED2 /* Sources */ = {
			isa = PBXSourcesBuildPhase;
			buildActionMask = 2147483647;
			files = (
				85C1246C1AAE44E600550ED2 /* MainViewController.swift in Sources */,
				85C1248D1AAE486100550ED2 /* GetItemViewController.swift in Sources */,
				85C1246A1AAE44E600550ED2 /* AppDelegate.swift in Sources */,
			);
			runOnlyForDeploymentPostprocessing = 0;
		};
		85C124751AAE44E600550ED2 /* Sources */ = {
			isa = PBXSourcesBuildPhase;
			buildActionMask = 2147483647;
			files = (
				85C124801AAE44E600550ED2 /* DelegateHopefulTests.swift in Sources */,
			);
			runOnlyForDeploymentPostprocessing = 0;
		};
/* End PBXSourcesBuildPhase section */

/* Begin PBXTargetDependency section */
		85C1247B1AAE44E600550ED2 /* PBXTargetDependency */ = {
			isa = PBXTargetDependency;
			target = 85C124631AAE44E600550ED2 /* DelegateHopeful */;
			targetProxy = 85C1247A1AAE44E600550ED2 /* PBXContainerItemProxy */;
		};
/* End PBXTargetDependency section */

/* Begin PBXVariantGroup section */
		85C1246D1AAE44E600550ED2 /* Main.storyboard */ = {
			isa = PBXVariantGroup;
			children = (
				85C1246E1AAE44E600550ED2 /* Base */,
			);
			name = Main.storyboard;
			sourceTree = "<group>";
		};
		85C124721AAE44E600550ED2 /* LaunchScreen.xib */ = {
			isa = PBXVariantGroup;
			children = (
				85C124731AAE44E600550ED2 /* Base */,
			);
			name = LaunchScreen.xib;
			sourceTree = "<group>";
		};
/* End PBXVariantGroup section */

/* Begin XCBuildConfiguration section */
		85C124811AAE44E600550ED2 /* Debug */ = {
			isa = XCBuildConfiguration;
			buildSettings = {
				ALWAYS_SEARCH_USER_PATHS = NO;
				CLANG_CXX_LANGUAGE_STANDARD = "gnu++0x";
				CLANG_CXX_LIBRARY = "libc++";
				CLANG_ENABLE_MODULES = YES;
				CLANG_ENABLE_OBJC_ARC = YES;
				CLANG_WARN_BOOL_CONVERSION = YES;
				CLANG_WARN_CONSTANT_CONVERSION = YES;
				CLANG_WARN_DIRECT_OBJC_ISA_USAGE = YES_ERROR;
				CLANG_WARN_EMPTY_BODY = YES;
				CLANG_WARN_ENUM_CONVERSION = YES;
				CLANG_WARN_INT_CONVERSION = YES;
				CLANG_WARN_OBJC_ROOT_CLASS = YES_ERROR;
				CLANG_WARN_UNREACHABLE_CODE = YES;
				CLANG_WARN__DUPLICATE_METHOD_MATCH = YES;
				"CODE_SIGN_IDENTITY[sdk=iphoneos*]" = "iPhone Developer";
				COPY_PHASE_STRIP = NO;
				ENABLE_STRICT_OBJC_MSGSEND = YES;
				GCC_C_LANGUAGE_STANDARD = gnu99;
				GCC_DYNAMIC_NO_PIC = NO;
				GCC_OPTIMIZATION_LEVEL = 0;
				GCC_PREPROCESSOR_DEFINITIONS = (
					"DEBUG=1",
					"$(inherited)",
				);
				GCC_SYMBOLS_PRIVATE_EXTERN = NO;
				GCC_WARN_64_TO_32_BIT_CONVERSION = YES;
				GCC_WARN_ABOUT_RETURN_TYPE = YES_ERROR;
				GCC_WARN_UNDECLARED_SELECTOR = YES;
				GCC_WARN_UNINITIALIZED_AUTOS = YES_AGGRESSIVE;
				GCC_WARN_UNUSED_FUNCTION = YES;
				GCC_WARN_UNUSED_VARIABLE = YES;
				IPHONEOS_DEPLOYMENT_TARGET = 8.1;
				MTL_ENABLE_DEBUG_INFO = YES;
				ONLY_ACTIVE_ARCH = YES;
				SDKROOT = iphoneos;
				SWIFT_OPTIMIZATION_LEVEL = "-Onone";
			};
			name = Debug;
		};
		85C124821AAE44E600550ED2 /* Release */ = {
			isa = XCBuildConfiguration;
			buildSettings = {
				ALWAYS_SEARCH_USER_PATHS = NO;
				CLANG_CXX_LANGUAGE_STANDARD = "gnu++0x";
				CLANG_CXX_LIBRARY = "libc++";
				CLANG_ENABLE_MODULES = YES;
				CLANG_ENABLE_OBJC_ARC = YES;
				CLANG_WARN_BOOL_CONVERSION = YES;
				CLANG_WARN_CONSTANT_CONVERSION = YES;
				CLANG_WARN_DIRECT_OBJC_ISA_USAGE = YES_ERROR;
				CLANG_WARN_EMPTY_BODY = YES;
				CLANG_WARN_ENUM_CONVERSION = YES;
				CLANG_WARN_INT_CONVERSION = YES;
				CLANG_WARN_OBJC_ROOT_CLASS = YES_ERROR;
				CLANG_WARN_UNREACHABLE_CODE = YES;
				CLANG_WARN__DUPLICATE_METHOD_MATCH = YES;
				"CODE_SIGN_IDENTITY[sdk=iphoneos*]" = "iPhone Developer";
				COPY_PHASE_STRIP = YES;
				ENABLE_NS_ASSERTIONS = NO;
				ENABLE_STRICT_OBJC_MSGSEND = YES;
				GCC_C_LANGUAGE_STANDARD = gnu99;
				GCC_WARN_64_TO_32_BIT_CONVERSION = YES;
				GCC_WARN_ABOUT_RETURN_TYPE = YES_ERROR;
				GCC_WARN_UNDECLARED_SELECTOR = YES;
				GCC_WARN_UNINITIALIZED_AUTOS = YES_AGGRESSIVE;
				GCC_WARN_UNUSED_FUNCTION = YES;
				GCC_WARN_UNUSED_VARIABLE = YES;
				IPHONEOS_DEPLOYMENT_TARGET = 8.1;
				MTL_ENABLE_DEBUG_INFO = NO;
				SDKROOT = iphoneos;
				VALIDATE_PRODUCT = YES;
			};
			name = Release;
		};
		85C124841AAE44E600550ED2 /* Debug */ = {
			isa = XCBuildConfiguration;
			buildSettings = {
				ASSETCATALOG_COMPILER_APPICON_NAME = AppIcon;
				CODE_SIGN_IDENTITY = "iPhone Developer";
				INFOPLIST_FILE = DelegateHopeful/Info.plist;
				LD_RUNPATH_SEARCH_PATHS = "$(inherited) @executable_path/Frameworks";
				PRODUCT_NAME = "$(TARGET_NAME)";
				TARGETED_DEVICE_FAMILY = 1;
			};
			name = Debug;
		};
		85C124851AAE44E600550ED2 /* Release */ = {
			isa = XCBuildConfiguration;
			buildSettings = {
				ASSETCATALOG_COMPILER_APPICON_NAME = AppIcon;
				CODE_SIGN_IDENTITY = "iPhone Developer";
				INFOPLIST_FILE = DelegateHopeful/Info.plist;
				LD_RUNPATH_SEARCH_PATHS = "$(inherited) @executable_path/Frameworks";
				PRODUCT_NAME = "$(TARGET_NAME)";
				TARGETED_DEVICE_FAMILY = 1;
			};
			name = Release;
		};
		85C124871AAE44E600550ED2 /* Debug */ = {
			isa = XCBuildConfiguration;
			buildSettings = {
				BUNDLE_LOADER = "$(TEST_HOST)";
				FRAMEWORK_SEARCH_PATHS = (
					"$(SDKROOT)/Developer/Library/Frameworks",
					"$(inherited)",
				);
				GCC_PREPROCESSOR_DEFINITIONS = (
					"DEBUG=1",
					"$(inherited)",
				);
				INFOPLIST_FILE = DelegateHopefulTests/Info.plist;
				LD_RUNPATH_SEARCH_PATHS = "$(inherited) @executable_path/Frameworks @loader_path/Frameworks";
				PRODUCT_NAME = "$(TARGET_NAME)";
				TEST_HOST = "$(BUILT_PRODUCTS_DIR)/DelegateHopeful.app/DelegateHopeful";
			};
			name = Debug;
		};
		85C124881AAE44E600550ED2 /* Release */ = {
			isa = XCBuildConfiguration;
			buildSettings = {
				BUNDLE_LOADER = "$(TEST_HOST)";
				FRAMEWORK_SEARCH_PATHS = (
					"$(SDKROOT)/Developer/Library/Frameworks",
					"$(inherited)",
				);
				INFOPLIST_FILE = DelegateHopefulTests/Info.plist;
				LD_RUNPATH_SEARCH_PATHS = "$(inherited) @executable_path/Frameworks @loader_path/Frameworks";
				PRODUCT_NAME = "$(TARGET_NAME)";
				TEST_HOST = "$(BUILT_PRODUCTS_DIR)/DelegateHopeful.app/DelegateHopeful";
			};
			name = Release;
		};
/* End XCBuildConfiguration section */

/* Begin XCConfigurationList section */
		85C1245F1AAE44E600550ED2 /* Build configuration list for PBXProject "DelegateHopeful" */ = {
			isa = XCConfigurationList;
			buildConfigurations = (
				85C124811AAE44E600550ED2 /* Debug */,
				85C124821AAE44E600550ED2 /* Release */,
			);
			defaultConfigurationIsVisible = 0;
			defaultConfigurationName = Release;
		};
		85C124831AAE44E600550ED2 /* Build configuration list for PBXNativeTarget "DelegateHopeful" */ = {
			isa = XCConfigurationList;
			buildConfigurations = (
				85C124841AAE44E600550ED2 /* Debug */,
				85C124851AAE44E600550ED2 /* Release */,
			);
			defaultConfigurationIsVisible = 0;
		};
		85C124861AAE44E600550ED2 /* Build configuration list for PBXNativeTarget "DelegateHopefulTests" */ = {
			isa = XCConfigurationList;
			buildConfigurations = (
				85C124871AAE44E600550ED2 /* Debug */,
				85C124881AAE44E600550ED2 /* Release */,
			);
			defaultConfigurationIsVisible = 0;
		};
/* End XCConfigurationList section */
	};
	rootObject = 85C1245C1AAE44E600550ED2 /* Project object */;
}
